
Microsoft Visual Studio Solution File, Format Version 12.00
# Visual Studio Version 16
VisualStudioVersion = 16.0.30114.105
MinimumVisualStudioVersion = 10.0.40219.1
Project("{FAE04EC0-301F-11D3-BF4B-00C04F79EFBC}") = "FrmPpal", "FrmPpal\FrmPpal.csproj", "{3A3469DE-8767-4AF8-B256-D136F14CE015}"
EndProject
Project("{FAE04EC0-301F-11D3-BF4B-00C04F79EFBC}") = "Entidades", "Entidades\Entidades.csproj", "{DE2B799F-6DE8-4ACB-AE06-481E47135D4F}"
EndProject
Project("{FAE04EC0-301F-11D3-BF4B-00C04F79EFBC}") = "TestUnitario", "TestUnitario\TestUnitario.csproj", "{DD1A9651-AEA5-47CA-9593-6CAB2356B925}"
EndProject
Global
	GlobalSection(SolutionConfigurationPlatforms) = preSolution
		Debug|Any CPU = Debug|Any CPU
		Release|Any CPU = Release|Any CPU
	EndGlobalSection
	GlobalSection(ProjectConfigurationPlatforms) = postSolution
		{3A3469DE-8767-4AF8-B256-D136F14CE015}.Debug|Any CPU.ActiveCfg = Debug|Any CPU
		{3A3469DE-8767-4AF8-B256-D136F14CE015}.Debug|Any CPU.Build.0 = Debug|Any CPU
		{3A3469DE-8767-4AF8-B256-D136F14CE015}.Release|Any CPU.ActiveCfg = Release|Any CPU
		{3A3469DE-8767-4AF8-B256-D136F14CE015}.Release|Any CPU.Build.0 = Release|Any CPU
		{DE2B799F-6DE8-4ACB-AE06-481E47135D4F}.Debug|Any CPU.ActiveCfg = Debug|Any CPU
		{DE2B799F-6DE8-4ACB-AE06-481E47135D4F}.Debug|Any CPU.Build.0 = Debug|Any CPU
		{DE2B799F-6DE8-4ACB-AE06-481E47135D4F}.Release|Any CPU.ActiveCfg = Release|Any CPU
		{DE2B799F-6DE8-4ACB-AE06-481E47135D4F}.Release|Any CPU.Build.0 = Release|Any CPU
		{DD1A9651-AEA5-47CA-9593-6CAB2356B925}.Debug|Any CPU.ActiveCfg = Debug|Any CPU
		{DD1A9651-AEA5-47CA-9593-6CAB2356B925}.Debug|Any CPU.Build.0 = Debug|Any CPU
		{DD1A9651-AEA5-47CA-9593-6CAB2356B925}.Release|Any CPU.ActiveCfg = Release|Any CPU
		{DD1A9651-AEA5-47CA-9593-6CAB2356B925}.Release|Any CPU.Build.0 = Release|Any CPU
	EndGlobalSection
	GlobalSection(SolutionProperties) = preSolution
		HideSolutionNode = FALSE
	EndGlobalSection
	GlobalSection(ExtensibilityGlobals) = postSolution
		SolutionGuid = {4481DFB5-101F-47E8-A12A-BC17D60D2741}
	EndGlobalSection
EndGlobal
