
Microsoft Visual Studio Solution File, Format Version 12.00
# Visual Studio Version 16
VisualStudioVersion = 16.0.29926.136
MinimumVisualStudioVersion = 10.0.40219.1
Project("{FAE04EC0-301F-11D3-BF4B-00C04F79EFBC}") = "Entidades", "Entidades\Entidades.csproj", "{F1581581-8BB1-4F2B-AC4A-B77B7D05CE27}"
EndProject
Project("{FAE04EC0-301F-11D3-BF4B-00C04F79EFBC}") = "MiCalculadora", "MiCalculadora\MiCalculadora.csproj", "{9005D4EA-F9FC-4CC7-90AC-75B3C75B38F2}"
EndProject
Global
	GlobalSection(SolutionConfigurationPlatforms) = preSolution
		Debug|Any CPU = Debug|Any CPU
		Release|Any CPU = Release|Any CPU
	EndGlobalSection
	GlobalSection(ProjectConfigurationPlatforms) = postSolution
		{F1581581-8BB1-4F2B-AC4A-B77B7D05CE27}.Debug|Any CPU.ActiveCfg = Debug|Any CPU
		{F1581581-8BB1-4F2B-AC4A-B77B7D05CE27}.Debug|Any CPU.Build.0 = Debug|Any CPU
		{F1581581-8BB1-4F2B-AC4A-B77B7D05CE27}.Release|Any CPU.ActiveCfg = Release|Any CPU
		{F1581581-8BB1-4F2B-AC4A-B77B7D05CE27}.Release|Any CPU.Build.0 = Release|Any CPU
		{9005D4EA-F9FC-4CC7-90AC-75B3C75B38F2}.Debug|Any CPU.ActiveCfg = Debug|Any CPU
		{9005D4EA-F9FC-4CC7-90AC-75B3C75B38F2}.Debug|Any CPU.Build.0 = Debug|Any CPU
		{9005D4EA-F9FC-4CC7-90AC-75B3C75B38F2}.Release|Any CPU.ActiveCfg = Release|Any CPU
		{9005D4EA-F9FC-4CC7-90AC-75B3C75B38F2}.Release|Any CPU.Build.0 = Release|Any CPU
	EndGlobalSection
	GlobalSection(SolutionProperties) = preSolution
		HideSolutionNode = FALSE
	EndGlobalSection
	GlobalSection(ExtensibilityGlobals) = postSolution
		SolutionGuid = {B09A10D7-3CBC-48AF-9C04-D6464722FA99}
	EndGlobalSection
EndGlobal
