
Microsoft Visual Studio Solution File, Format Version 12.00
# Visual Studio Version 16
VisualStudioVersion = 16.0.30114.105
MinimumVisualStudioVersion = 10.0.40219.1
Project("{FAE04EC0-301F-11D3-BF4B-00C04F79EFBC}") = "Consola", "TP-03\Consola.csproj", "{3EBEB415-862B-45C9-AA1B-45D09BCAA136}"
EndProject
Project("{FAE04EC0-301F-11D3-BF4B-00C04F79EFBC}") = "Archivos", "Archivos\Archivos.csproj", "{CBC77116-851D-4BF9-9D92-B6F8CCD70B87}"
EndProject
Project("{FAE04EC0-301F-11D3-BF4B-00C04F79EFBC}") = "Entidades Abstractas", "Entidades Abstractas\Entidades Abstractas.csproj", "{428AB193-1866-4278-828A-7E54B800D5CE}"
EndProject
Project("{FAE04EC0-301F-11D3-BF4B-00C04F79EFBC}") = "EntidadesInstanciadas", "EntidadesInstanciadas\EntidadesInstanciadas.csproj", "{1506F07C-D0F9-4881-911C-530ECFA748BF}"
EndProject
Project("{FAE04EC0-301F-11D3-BF4B-00C04F79EFBC}") = "Excepciones", "Excepciones\Excepciones.csproj", "{8518090E-B28C-4255-8297-B90F97A992A5}"
EndProject
Global
	GlobalSection(SolutionConfigurationPlatforms) = preSolution
		Debug|Any CPU = Debug|Any CPU
		Release|Any CPU = Release|Any CPU
	EndGlobalSection
	GlobalSection(ProjectConfigurationPlatforms) = postSolution
		{3EBEB415-862B-45C9-AA1B-45D09BCAA136}.Debug|Any CPU.ActiveCfg = Debug|Any CPU
		{3EBEB415-862B-45C9-AA1B-45D09BCAA136}.Debug|Any CPU.Build.0 = Debug|Any CPU
		{3EBEB415-862B-45C9-AA1B-45D09BCAA136}.Release|Any CPU.ActiveCfg = Release|Any CPU
		{3EBEB415-862B-45C9-AA1B-45D09BCAA136}.Release|Any CPU.Build.0 = Release|Any CPU
		{CBC77116-851D-4BF9-9D92-B6F8CCD70B87}.Debug|Any CPU.ActiveCfg = Debug|Any CPU
		{CBC77116-851D-4BF9-9D92-B6F8CCD70B87}.Debug|Any CPU.Build.0 = Debug|Any CPU
		{CBC77116-851D-4BF9-9D92-B6F8CCD70B87}.Release|Any CPU.ActiveCfg = Release|Any CPU
		{CBC77116-851D-4BF9-9D92-B6F8CCD70B87}.Release|Any CPU.Build.0 = Release|Any CPU
		{428AB193-1866-4278-828A-7E54B800D5CE}.Debug|Any CPU.ActiveCfg = Debug|Any CPU
		{428AB193-1866-4278-828A-7E54B800D5CE}.Debug|Any CPU.Build.0 = Debug|Any CPU
		{428AB193-1866-4278-828A-7E54B800D5CE}.Release|Any CPU.ActiveCfg = Release|Any CPU
		{428AB193-1866-4278-828A-7E54B800D5CE}.Release|Any CPU.Build.0 = Release|Any CPU
		{1506F07C-D0F9-4881-911C-530ECFA748BF}.Debug|Any CPU.ActiveCfg = Debug|Any CPU
		{1506F07C-D0F9-4881-911C-530ECFA748BF}.Debug|Any CPU.Build.0 = Debug|Any CPU
		{1506F07C-D0F9-4881-911C-530ECFA748BF}.Release|Any CPU.ActiveCfg = Release|Any CPU
		{1506F07C-D0F9-4881-911C-530ECFA748BF}.Release|Any CPU.Build.0 = Release|Any CPU
		{8518090E-B28C-4255-8297-B90F97A992A5}.Debug|Any CPU.ActiveCfg = Debug|Any CPU
		{8518090E-B28C-4255-8297-B90F97A992A5}.Debug|Any CPU.Build.0 = Debug|Any CPU
		{8518090E-B28C-4255-8297-B90F97A992A5}.Release|Any CPU.ActiveCfg = Release|Any CPU
		{8518090E-B28C-4255-8297-B90F97A992A5}.Release|Any CPU.Build.0 = Release|Any CPU
	EndGlobalSection
	GlobalSection(SolutionProperties) = preSolution
		HideSolutionNode = FALSE
	EndGlobalSection
	GlobalSection(ExtensibilityGlobals) = postSolution
		SolutionGuid = {CE2D82D4-078E-4A4D-A8D7-1577816AAD2E}
	EndGlobalSection
EndGlobal
